
Microsoft Visual Studio Solution File, Format Version 12.00
# Visual Studio Version 17
VisualStudioVersion = 17.4.33205.214
MinimumVisualStudioVersion = 10.0.40219.1
Project("{9A19103F-16F7-4668-BE54-9A1E7A4F7556}") = "Todo", "Todo.csproj", "{E8F9DBA1-C0F3-4915-B901-7E64B7C76E21}"
EndProject
Global
	GlobalSection(SolutionConfigurationPlatforms) = preSolution
		Debug|Any CPU = Debug|Any CPU
		Release|Any CPU = Release|Any CPU
	EndGlobalSection
	GlobalSection(ProjectConfigurationPlatforms) = postSolution
		{E8F9DBA1-C0F3-4915-B901-7E64B7C76E21}.Debug|Any CPU.ActiveCfg = Debug|Any CPU
		{E8F9DBA1-C0F3-4915-B901-7E64B7C76E21}.Debug|Any CPU.Build.0 = Debug|Any CPU
		{E8F9DBA1-C0F3-4915-B901-7E64B7C76E21}.Release|Any CPU.ActiveCfg = Release|Any CPU
		{E8F9DBA1-C0F3-4915-B901-7E64B7C76E21}.Release|Any CPU.Build.0 = Release|Any CPU
	EndGlobalSection
	GlobalSection(SolutionProperties) = preSolution
		HideSolutionNode = FALSE
	EndGlobalSection
	GlobalSection(ExtensibilityGlobals) = postSolution
		SolutionGuid = {B5A5C343-DF73-4B35-A5E9-B91338817F2B}
	EndGlobalSection
EndGlobal
